
Microsoft Visual Studio Solution File, Format Version 12.00
# Visual Studio Version 17
VisualStudioVersion = 17.4.33205.214
MinimumVisualStudioVersion = 10.0.40219.1
Project("{FAE04EC0-301F-11D3-BF4B-00C04F79EFBC}") = "Lab!2A", "Lab!2A.csproj", "{EF70C1DA-8168-4436-8042-6224B6E1093A}"
EndProject
Global
	GlobalSection(SolutionConfigurationPlatforms) = preSolution
		Debug|Any CPU = Debug|Any CPU
		Release|Any CPU = Release|Any CPU
	EndGlobalSection
	GlobalSection(ProjectConfigurationPlatforms) = postSolution
		{EF70C1DA-8168-4436-8042-6224B6E1093A}.Debug|Any CPU.ActiveCfg = Debug|Any CPU
		{EF70C1DA-8168-4436-8042-6224B6E1093A}.Debug|Any CPU.Build.0 = Debug|Any CPU
		{EF70C1DA-8168-4436-8042-6224B6E1093A}.Release|Any CPU.ActiveCfg = Release|Any CPU
		{EF70C1DA-8168-4436-8042-6224B6E1093A}.Release|Any CPU.Build.0 = Release|Any CPU
	EndGlobalSection
	GlobalSection(SolutionProperties) = preSolution
		HideSolutionNode = FALSE
	EndGlobalSection
	GlobalSection(ExtensibilityGlobals) = postSolution
		SolutionGuid = {BE833EF1-305E-496B-9F9C-0333F1E19516}
	EndGlobalSection
EndGlobal
